DEPENDENCIES
  chef-solo-search
    git: git://github.com/xxmitsu/eG-ovpn.git
    revision: d3c45d70b11f5147cc89485c2de685d1e8ab80bb
    rel: cookbooks/chef-solo-search
  en_deploy_openvpn
    path: .
    metadata: true
  openvpn
    git: git://github.com/xxmitsu/eG-ovpn.git
    revision: d3c45d70b11f5147cc89485c2de685d1e8ab80bb
    rel: cookbooks/openvpn

GRAPH
  apt (5.0.0)
    compat_resource (>= 12.14.7)
  chef-solo-search (0.5.1)
  compat_resource (12.16.2)
  en_deploy_openvpn (0.1.0)
    chef-solo-search (>= 0.0.0)
    openvpn (~> 3.0)
  ohai (4.2.2)
    compat_resource (>= 12.14)
  openvpn (3.0.0)
    apt (>= 0.0.0)
    sysctl (>= 0.0.0)
    yum (~> 3.0)
    yum-epel (>= 0.0.0)
  sysctl (0.8.1)
    ohai (>= 4.0)
  yum (3.13.0)
  yum-epel (1.0.2)
    yum (>= 3.6)
